
Microsoft Visual Studio Solution File, Format Version 12.00
# Visual Studio 14
VisualStudioVersion = 14.0.25420.1
MinimumVisualStudioVersion = 10.0.40219.1
Project("{FAE04EC0-301F-11D3-BF4B-00C04F79EFBC}") = "WpfApplication1", "WpfApplication1\WpfApplication1.csproj", "{4E8F62E0-05EC-459C-AA0A-5819162013BA}"
EndProject
Project("{F088123C-0E9E-452A-89E6-6BA2F21D5CAC}") = "classDiagram", "classDiagram\classDiagram.modelproj", "{B20DCC76-AFAD-4268-A0B5-A59ED410B504}"
EndProject
Global
	GlobalSection(SolutionConfigurationPlatforms) = preSolution
		Debug|Any CPU = Debug|Any CPU
		Release|Any CPU = Release|Any CPU
	EndGlobalSection
	GlobalSection(ProjectConfigurationPlatforms) = postSolution
		{4E8F62E0-05EC-459C-AA0A-5819162013BA}.Debug|Any CPU.ActiveCfg = Debug|Any CPU
		{4E8F62E0-05EC-459C-AA0A-5819162013BA}.Debug|Any CPU.Build.0 = Debug|Any CPU
		{4E8F62E0-05EC-459C-AA0A-5819162013BA}.Release|Any CPU.ActiveCfg = Release|Any CPU
		{4E8F62E0-05EC-459C-AA0A-5819162013BA}.Release|Any CPU.Build.0 = Release|Any CPU
		{B20DCC76-AFAD-4268-A0B5-A59ED410B504}.Debug|Any CPU.ActiveCfg = Debug|Any CPU
		{B20DCC76-AFAD-4268-A0B5-A59ED410B504}.Debug|Any CPU.Build.0 = Debug|Any CPU
		{B20DCC76-AFAD-4268-A0B5-A59ED410B504}.Release|Any CPU.ActiveCfg = Release|Any CPU
		{B20DCC76-AFAD-4268-A0B5-A59ED410B504}.Release|Any CPU.Build.0 = Release|Any CPU
	EndGlobalSection
	GlobalSection(SolutionProperties) = preSolution
		HideSolutionNode = FALSE
	EndGlobalSection
EndGlobal
